
Microsoft Visual Studio Solution File, Format Version 12.00
Project("{FAE04EC0-301F-11D3-BF4B-00C04F79EFBC}") = "DoubleSlitWeb", "DoubleSlitWeb\DoubleSlitWeb.csproj", "{8239EE33-365B-448F-A9F8-2FE94E0362FF}"
EndProject
Project("{FAE04EC0-301F-11D3-BF4B-00C04F79EFBC}") = "DoubleSlitBackEnd", "DoubleSlitBackEnd\DoubleSlitBackEnd.csproj", "{5142A75F-BBB4-4749-AB1B-9266C5FE3090}"
EndProject
Global
	GlobalSection(SolutionConfigurationPlatforms) = preSolution
		Debug|Any CPU = Debug|Any CPU
		Release|Any CPU = Release|Any CPU
	EndGlobalSection
	GlobalSection(ProjectConfigurationPlatforms) = postSolution
		{8239EE33-365B-448F-A9F8-2FE94E0362FF}.Debug|Any CPU.ActiveCfg = Debug|Any CPU
		{8239EE33-365B-448F-A9F8-2FE94E0362FF}.Debug|Any CPU.Build.0 = Debug|Any CPU
		{8239EE33-365B-448F-A9F8-2FE94E0362FF}.Release|Any CPU.ActiveCfg = Release|Any CPU
		{8239EE33-365B-448F-A9F8-2FE94E0362FF}.Release|Any CPU.Build.0 = Release|Any CPU
		{5142A75F-BBB4-4749-AB1B-9266C5FE3090}.Debug|Any CPU.ActiveCfg = Debug|Any CPU
		{5142A75F-BBB4-4749-AB1B-9266C5FE3090}.Debug|Any CPU.Build.0 = Debug|Any CPU
		{5142A75F-BBB4-4749-AB1B-9266C5FE3090}.Release|Any CPU.ActiveCfg = Release|Any CPU
		{5142A75F-BBB4-4749-AB1B-9266C5FE3090}.Release|Any CPU.Build.0 = Release|Any CPU
	EndGlobalSection
EndGlobal
